
Microsoft Visual Studio Solution File, Format Version 12.00
# Visual Studio Version 16
VisualStudioVersion = 16.0.30225.117
MinimumVisualStudioVersion = 10.0.40219.1
Project("{FAE04EC0-301F-11D3-BF4B-00C04F79EFBC}") = "CardGame", "CardGame.csproj", "{03E15979-C5ED-4251-8FA8-08A28BE58C82}"
EndProject
Global
	GlobalSection(SolutionConfigurationPlatforms) = preSolution
		Debug|Any CPU = Debug|Any CPU
		Release|Any CPU = Release|Any CPU
	EndGlobalSection
	GlobalSection(ProjectConfigurationPlatforms) = postSolution
		{03E15979-C5ED-4251-8FA8-08A28BE58C82}.Debug|Any CPU.ActiveCfg = Debug|Any CPU
		{03E15979-C5ED-4251-8FA8-08A28BE58C82}.Debug|Any CPU.Build.0 = Debug|Any CPU
		{03E15979-C5ED-4251-8FA8-08A28BE58C82}.Release|Any CPU.ActiveCfg = Release|Any CPU
		{03E15979-C5ED-4251-8FA8-08A28BE58C82}.Release|Any CPU.Build.0 = Release|Any CPU
	EndGlobalSection
	GlobalSection(SolutionProperties) = preSolution
		HideSolutionNode = FALSE
	EndGlobalSection
	GlobalSection(ExtensibilityGlobals) = postSolution
		SolutionGuid = {CB4624E3-4A1F-4068-8FC2-F2724AD669A6}
	EndGlobalSection
EndGlobal
